version = 1
requires-python = ">=3.11"

[[package]]
name = "data-preparation"
version = "0.1.0"
source = { virtual = "." }
dependencies = [
    { name = "pyspark" },
]

[package.metadata]
requires-dist = [{ name = "pyspark" }]

[[package]]
name = "py4j"
version = "0.10.9"
source = { registry = "https://pypi.org/simple" }
sdist = { url = "https://files.pythonhosted.org/packages/10/ed/9dad8808c34bc5b0b1a44b13c0bddeea0c8df59956eb20ac2fecc373f322/py4j-0.10.9.tar.gz", hash = "sha256:36ec57f43ff8ced260a18aa9a4e46c3500a730cac8860e259cbaa546c2b9db2f", size = 740715 }
wheels = [
    { url = "https://files.pythonhosted.org/packages/9e/b6/6a4fb90cd235dc8e265a6a2067f2a2c99f0d91787f06aca4bcf7c23f3f80/py4j-0.10.9-py2.py3-none-any.whl", hash = "sha256:859ba728a7bb43e9c2bf058832759fb97a598bb28cc12f34f5fc4abdec08ede6", size = 198601 },
]

[[package]]
name = "pyspark"
version = "3.0.3"
source = { registry = "https://pypi.org/simple" }
dependencies = [
    { name = "py4j" },
]
sdist = { url = "https://files.pythonhosted.org/packages/d7/15/4ee019bfbf9e3e7af2c8e94a900f17c079bc39eafe0868b1b50bcade77de/pyspark-3.0.3.tar.gz", hash = "sha256:c4499903e3d7289cf2b4bf7755fb32cf17922598f3b85a1c230860dec020eec4", size = 209058181 }
